uuid: 6db4c15a-6def-42c6-8241-3efabc32cf57
langcode: en
status: true
dependencies:
  module:
    - block_field
    - widget_engine
id: widget.field_block
field_name: field_block
entity_type: widget
type: block_field
settings: {  }
module: block_field
locked: false
cardinality: 1
translatable: true
indexes: {  }
persist_with_no_fields: false
custom_storage: false
